
Microsoft Visual Studio Solution File, Format Version 12.00
# Visual Studio Version 17
VisualStudioVersion = 17.6.33829.357
MinimumVisualStudioVersion = 10.0.40219.1
Project("{FAE04EC0-301F-11D3-BF4B-00C04F79EFBC}") = "StudentsGrades", "StudentsGrades\StudentsGrades.csproj", "{A8C8632E-4E04-4948-BC1D-A8E807791C01}"
EndProject
Global
	GlobalSection(SolutionConfigurationPlatforms) = preSolution
		Debug|Any CPU = Debug|Any CPU
		Release|Any CPU = Release|Any CPU
	EndGlobalSection
	GlobalSection(ProjectConfigurationPlatforms) = postSolution
		{A8C8632E-4E04-4948-BC1D-A8E807791C01}.Debug|Any CPU.ActiveCfg = Debug|Any CPU
		{A8C8632E-4E04-4948-BC1D-A8E807791C01}.Debug|Any CPU.Build.0 = Debug|Any CPU
		{A8C8632E-4E04-4948-BC1D-A8E807791C01}.Release|Any CPU.ActiveCfg = Release|Any CPU
		{A8C8632E-4E04-4948-BC1D-A8E807791C01}.Release|Any CPU.Build.0 = Release|Any CPU
	EndGlobalSection
	GlobalSection(SolutionProperties) = preSolution
		HideSolutionNode = FALSE
	EndGlobalSection
	GlobalSection(ExtensibilityGlobals) = postSolution
		SolutionGuid = {857C384B-65E9-4A58-9404-CF73ECA6DEB3}
	EndGlobalSection
EndGlobal
