
Microsoft Visual Studio Solution File, Format Version 12.00
# Visual Studio Version 17
VisualStudioVersion = 17.6.33829.357
MinimumVisualStudioVersion = 10.0.40219.1
Project("{FAE04EC0-301F-11D3-BF4B-00C04F79EFBC}") = "EmployeeHeirarchy", "EmployeeHeirarchy\EmployeeHeirarchy.csproj", "{EF73D936-F035-4FD9-B25C-9DC9F82DF714}"
EndProject
Global
	GlobalSection(SolutionConfigurationPlatforms) = preSolution
		Debug|Any CPU = Debug|Any CPU
		Release|Any CPU = Release|Any CPU
	EndGlobalSection
	GlobalSection(ProjectConfigurationPlatforms) = postSolution
		{EF73D936-F035-4FD9-B25C-9DC9F82DF714}.Debug|Any CPU.ActiveCfg = Debug|Any CPU
		{EF73D936-F035-4FD9-B25C-9DC9F82DF714}.Debug|Any CPU.Build.0 = Debug|Any CPU
		{EF73D936-F035-4FD9-B25C-9DC9F82DF714}.Release|Any CPU.ActiveCfg = Release|Any CPU
		{EF73D936-F035-4FD9-B25C-9DC9F82DF714}.Release|Any CPU.Build.0 = Release|Any CPU
	EndGlobalSection
	GlobalSection(SolutionProperties) = preSolution
		HideSolutionNode = FALSE
	EndGlobalSection
	GlobalSection(ExtensibilityGlobals) = postSolution
		SolutionGuid = {D0400B51-896B-4297-B70A-0E17CC287A61}
	EndGlobalSection
EndGlobal
