
Microsoft Visual Studio Solution File, Format Version 12.00
# Visual Studio Version 17
VisualStudioVersion = 17.6.33829.357
MinimumVisualStudioVersion = 10.0.40219.1
Project("{FAE04EC0-301F-11D3-BF4B-00C04F79EFBC}") = "OnlineStore", "OnlineStore\OnlineStore.csproj", "{D348D256-AE69-4EF3-B087-8CD9D8152451}"
EndProject
Global
	GlobalSection(SolutionConfigurationPlatforms) = preSolution
		Debug|Any CPU = Debug|Any CPU
		Release|Any CPU = Release|Any CPU
	EndGlobalSection
	GlobalSection(ProjectConfigurationPlatforms) = postSolution
		{D348D256-AE69-4EF3-B087-8CD9D8152451}.Debug|Any CPU.ActiveCfg = Debug|Any CPU
		{D348D256-AE69-4EF3-B087-8CD9D8152451}.Debug|Any CPU.Build.0 = Debug|Any CPU
		{D348D256-AE69-4EF3-B087-8CD9D8152451}.Release|Any CPU.ActiveCfg = Release|Any CPU
		{D348D256-AE69-4EF3-B087-8CD9D8152451}.Release|Any CPU.Build.0 = Release|Any CPU
	EndGlobalSection
	GlobalSection(SolutionProperties) = preSolution
		HideSolutionNode = FALSE
	EndGlobalSection
	GlobalSection(ExtensibilityGlobals) = postSolution
		SolutionGuid = {051F4658-C9C7-4DF5-AF72-51B611DD567D}
	EndGlobalSection
EndGlobal
